
Microsoft Visual Studio Solution File, Format Version 12.00
# Visual Studio Version 17
VisualStudioVersion = 17.7.34009.444
MinimumVisualStudioVersion = 10.0.40219.1
Project("{2150E333-8FDC-42A3-9474-1A3956D46DE8}") = "1 - Presentation", "1 - Presentation", "{8EB3603A-1FBB-4131-B216-008D3F2782E1}"
EndProject
Project("{2150E333-8FDC-42A3-9474-1A3956D46DE8}") = "2 - Application", "2 - Application", "{29CC4DFC-6A5B-42AB-A5E0-2B5F2966E80C}"
EndProject
Project("{2150E333-8FDC-42A3-9474-1A3956D46DE8}") = "3 - Domain", "3 - Domain", "{560C9DC7-DA8B-40D0-970A-BC77A39AB340}"
EndProject
Project("{2150E333-8FDC-42A3-9474-1A3956D46DE8}") = "4 - Infra", "4 - Infra", "{D7FC8368-9A7E-4785-A0AB-0C271C8246D4}"
EndProject
Project("{2150E333-8FDC-42A3-9474-1A3956D46DE8}") = "5 - HelpConfig", "5 - HelpConfig", "{1B656D3B-A342-4A84-A7F6-2419D7033666}"
EndProject
Project("{9A19103F-16F7-4668-BE54-9A1E7A4F7556}") = "Domain", "Domain\Domain.csproj", "{58084518-7A8C-4000-B594-147ABDD77970}"
EndProject
Project("{9A19103F-16F7-4668-BE54-9A1E7A4F7556}") = "Application", "Application\Application.csproj", "{6FF58F34-2753-4AC6-B5B2-2A8331970B7E}"
EndProject
Project("{9A19103F-16F7-4668-BE54-9A1E7A4F7556}") = "Infra", "Infra\Infra.csproj", "{C60F7504-F87D-4A92-B3C6-C1342B51775E}"
EndProject
Project("{9A19103F-16F7-4668-BE54-9A1E7A4F7556}") = "Clinica Odontologica", "Clinica Odontologica\Clinica Odontologica.csproj", "{091F4530-3718-4C09-BDA6-1E98F18658D9}"
EndProject
Project("{9A19103F-16F7-4668-BE54-9A1E7A4F7556}") = "HelpConfig", "HelpConfig\HelpConfig.csproj", "{F54083D2-BF2B-4B9F-8098-1DE174DC3E4B}"
EndProject
Project("{FAE04EC0-301F-11D3-BF4B-00C04F79EFBC}") = "Apis_Clinica", "Apis_Clinica\Apis_Clinica.csproj", "{61EED864-415A-4434-8D52-56A5213D46C2}"
EndProject
Global
	GlobalSection(SolutionConfigurationPlatforms) = preSolution
		Debug|Any CPU = Debug|Any CPU
		Release|Any CPU = Release|Any CPU
	EndGlobalSection
	GlobalSection(ProjectConfigurationPlatforms) = postSolution
		{58084518-7A8C-4000-B594-147ABDD77970}.Debug|Any CPU.ActiveCfg = Debug|Any CPU
		{58084518-7A8C-4000-B594-147ABDD77970}.Debug|Any CPU.Build.0 = Debug|Any CPU
		{58084518-7A8C-4000-B594-147ABDD77970}.Release|Any CPU.ActiveCfg = Release|Any CPU
		{58084518-7A8C-4000-B594-147ABDD77970}.Release|Any CPU.Build.0 = Release|Any CPU
		{6FF58F34-2753-4AC6-B5B2-2A8331970B7E}.Debug|Any CPU.ActiveCfg = Debug|Any CPU
		{6FF58F34-2753-4AC6-B5B2-2A8331970B7E}.Debug|Any CPU.Build.0 = Debug|Any CPU
		{6FF58F34-2753-4AC6-B5B2-2A8331970B7E}.Release|Any CPU.ActiveCfg = Release|Any CPU
		{6FF58F34-2753-4AC6-B5B2-2A8331970B7E}.Release|Any CPU.Build.0 = Release|Any CPU
		{C60F7504-F87D-4A92-B3C6-C1342B51775E}.Debug|Any CPU.ActiveCfg = Debug|Any CPU
		{C60F7504-F87D-4A92-B3C6-C1342B51775E}.Debug|Any CPU.Build.0 = Debug|Any CPU
		{C60F7504-F87D-4A92-B3C6-C1342B51775E}.Release|Any CPU.ActiveCfg = Release|Any CPU
		{C60F7504-F87D-4A92-B3C6-C1342B51775E}.Release|Any CPU.Build.0 = Release|Any CPU
		{091F4530-3718-4C09-BDA6-1E98F18658D9}.Debug|Any CPU.ActiveCfg = Debug|Any CPU
		{091F4530-3718-4C09-BDA6-1E98F18658D9}.Debug|Any CPU.Build.0 = Debug|Any CPU
		{091F4530-3718-4C09-BDA6-1E98F18658D9}.Release|Any CPU.ActiveCfg = Release|Any CPU
		{091F4530-3718-4C09-BDA6-1E98F18658D9}.Release|Any CPU.Build.0 = Release|Any CPU
		{F54083D2-BF2B-4B9F-8098-1DE174DC3E4B}.Debug|Any CPU.ActiveCfg = Debug|Any CPU
		{F54083D2-BF2B-4B9F-8098-1DE174DC3E4B}.Debug|Any CPU.Build.0 = Debug|Any CPU
		{F54083D2-BF2B-4B9F-8098-1DE174DC3E4B}.Release|Any CPU.ActiveCfg = Release|Any CPU
		{F54083D2-BF2B-4B9F-8098-1DE174DC3E4B}.Release|Any CPU.Build.0 = Release|Any CPU
		{61EED864-415A-4434-8D52-56A5213D46C2}.Debug|Any CPU.ActiveCfg = Debug|Any CPU
		{61EED864-415A-4434-8D52-56A5213D46C2}.Debug|Any CPU.Build.0 = Debug|Any CPU
		{61EED864-415A-4434-8D52-56A5213D46C2}.Release|Any CPU.ActiveCfg = Release|Any CPU
		{61EED864-415A-4434-8D52-56A5213D46C2}.Release|Any CPU.Build.0 = Release|Any CPU
	EndGlobalSection
	GlobalSection(SolutionProperties) = preSolution
		HideSolutionNode = FALSE
	EndGlobalSection
	GlobalSection(NestedProjects) = preSolution
		{58084518-7A8C-4000-B594-147ABDD77970} = {560C9DC7-DA8B-40D0-970A-BC77A39AB340}
		{6FF58F34-2753-4AC6-B5B2-2A8331970B7E} = {29CC4DFC-6A5B-42AB-A5E0-2B5F2966E80C}
		{C60F7504-F87D-4A92-B3C6-C1342B51775E} = {D7FC8368-9A7E-4785-A0AB-0C271C8246D4}
		{091F4530-3718-4C09-BDA6-1E98F18658D9} = {8EB3603A-1FBB-4131-B216-008D3F2782E1}
		{F54083D2-BF2B-4B9F-8098-1DE174DC3E4B} = {1B656D3B-A342-4A84-A7F6-2419D7033666}
		{61EED864-415A-4434-8D52-56A5213D46C2} = {8EB3603A-1FBB-4131-B216-008D3F2782E1}
	EndGlobalSection
	GlobalSection(ExtensibilityGlobals) = postSolution
		SolutionGuid = {739212E6-878B-4632-8CFE-CE054BB4889A}
	EndGlobalSection
EndGlobal
